
Microsoft Visual Studio Solution File, Format Version 12.00
# Visual Studio Version 16
VisualStudioVersion = 16.0.30204.135
MinimumVisualStudioVersion = 10.0.40219.1
Project("{FAE04EC0-301F-11D3-BF4B-00C04F79EFBC}") = "TicTacToe", "TicTacToe.csproj", "{FBE78386-3649-4E23-A32B-4315A52A4727}"
EndProject
Global
	GlobalSection(SolutionConfigurationPlatforms) = preSolution
		Debug|Any CPU = Debug|Any CPU
		Release|Any CPU = Release|Any CPU
	EndGlobalSection
	GlobalSection(ProjectConfigurationPlatforms) = postSolution
		{FBE78386-3649-4E23-A32B-4315A52A4727}.Debug|Any CPU.ActiveCfg = Debug|Any CPU
		{FBE78386-3649-4E23-A32B-4315A52A4727}.Debug|Any CPU.Build.0 = Debug|Any CPU
		{FBE78386-3649-4E23-A32B-4315A52A4727}.Release|Any CPU.ActiveCfg = Release|Any CPU
		{FBE78386-3649-4E23-A32B-4315A52A4727}.Release|Any CPU.Build.0 = Release|Any CPU
	EndGlobalSection
	GlobalSection(SolutionProperties) = preSolution
		HideSolutionNode = FALSE
	EndGlobalSection
	GlobalSection(ExtensibilityGlobals) = postSolution
		SolutionGuid = {E77CA269-BEC2-47BA-A270-FAD52DCCC591}
	EndGlobalSection
EndGlobal
